
Microsoft Visual Studio Solution File, Format Version 12.00
# Visual Studio Version 17
VisualStudioVersion = 17.4.33110.190
MinimumVisualStudioVersion = 10.0.40219.1
Project("{FAE04EC0-301F-11D3-BF4B-00C04F79EFBC}") = "TrackerLibrary", "TrackerLibrary\TrackerLibrary.csproj", "{CF043884-8AFC-4AD2-A7F1-92681DC0EC67}"
EndProject
Global
	GlobalSection(SolutionConfigurationPlatforms) = preSolution
		Debug|Any CPU = Debug|Any CPU
		Release|Any CPU = Release|Any CPU
	EndGlobalSection
	GlobalSection(ProjectConfigurationPlatforms) = postSolution
		{CF043884-8AFC-4AD2-A7F1-92681DC0EC67}.Debug|Any CPU.ActiveCfg = Debug|Any CPU
		{CF043884-8AFC-4AD2-A7F1-92681DC0EC67}.Debug|Any CPU.Build.0 = Debug|Any CPU
		{CF043884-8AFC-4AD2-A7F1-92681DC0EC67}.Release|Any CPU.ActiveCfg = Release|Any CPU
		{CF043884-8AFC-4AD2-A7F1-92681DC0EC67}.Release|Any CPU.Build.0 = Release|Any CPU
	EndGlobalSection
	GlobalSection(SolutionProperties) = preSolution
		HideSolutionNode = FALSE
	EndGlobalSection
	GlobalSection(ExtensibilityGlobals) = postSolution
		SolutionGuid = {A0583EA9-32E1-4B79-9AD9-790EE56C5A2A}
	EndGlobalSection
EndGlobal
